
Microsoft Visual Studio Solution File, Format Version 12.00
# Visual Studio 15
VisualStudioVersion = 15.0.27130.2027
MinimumVisualStudioVersion = 10.0.40219.1
Project("{2150E333-8FDC-42A3-9474-1A3956D46DE8}") = "Build", "Build", "{B8712432-B8DA-47BB-85EE-8DCEB2E810B4}"
	ProjectSection(SolutionItems) = preProject
		.nuget\NuGet.config = .nuget\NuGet.config
	EndProjectSection
EndProject
Project("{2150E333-8FDC-42A3-9474-1A3956D46DE8}") = "Deploy", "Deploy", "{2CF09551-A580-4EC9-B6D5-F852724C1017}"
EndProject
Project("{2150E333-8FDC-42A3-9474-1A3956D46DE8}") = "Develop", "Develop", "{0ECE3374-01E2-40C6-B99D-9A1B6C892455}"
EndProject
Project("{2150E333-8FDC-42A3-9474-1A3956D46DE8}") = "Test", "Test", "{E48422AB-D0BB-4071-BCAB-698E3AFF7E83}"
EndProject
Project("{A07B5EB6-E848-4116-A8D0-A826331D98C6}") = "Fathym.RefArch.Fabric", "Fathym.RefArch.Fabric\Fathym.RefArch.Fabric.sfproj", "{9ECF92FA-B0F2-41B8-8390-4BB4B80EA509}"
EndProject
Project("{9A19103F-16F7-4668-BE54-9A1E7A4F7556}") = "Fathym.RefArch.Web", "Fathym.RefArch.Web\Fathym.RefArch.Web.csproj", "{A04B1D06-1AD3-461F-A5E8-7B8A2BECB839}"
EndProject
Project("{9A19103F-16F7-4668-BE54-9A1E7A4F7556}") = "Fathym.RefArch.Web.API", "Fathym.RefArch.Web.API\Fathym.RefArch.Web.API.csproj", "{9BE7B2A6-E450-4BA5-A036-39EC75CD583B}"
EndProject
Project("{9A19103F-16F7-4668-BE54-9A1E7A4F7556}") = "Fathym.RefArch.Workflows", "Fathym.RefArch.Workflows\Fathym.RefArch.Workflows.csproj", "{F9B08C66-0C31-4404-BDAC-610676C7A1C8}"
EndProject
Project("{9A19103F-16F7-4668-BE54-9A1E7A4F7556}") = "Fathym.API", "Fathym.API\Fathym.API.csproj", "{1C179525-1371-478E-B1AB-8D67A7241C6C}"
EndProject
Project("{9A19103F-16F7-4668-BE54-9A1E7A4F7556}") = "Fathym.Fabric", "Fathym.Fabric\Fathym.Fabric.csproj", "{134A2C7D-37DA-4AF9-A957-73155A4DCD36}"
EndProject
Project("{9A19103F-16F7-4668-BE54-9A1E7A4F7556}") = "Fathym.Fabric.API", "Fathym.Fabric.API\Fathym.Fabric.API.csproj", "{5021FCC8-B7E0-440A-B2C3-3997A5C9C16F}"
EndProject
Project("{9A19103F-16F7-4668-BE54-9A1E7A4F7556}") = "Fathym.Presentation", "Fathym.Presentation\Fathym.Presentation.csproj", "{5ECB4F49-9772-449B-B084-FC73DDFDB44D}"
EndProject
Project("{9A19103F-16F7-4668-BE54-9A1E7A4F7556}") = "Fathym", "Fathym\Fathym.csproj", "{D9109827-7E42-488F-9D9E-6B867A3110F4}"
EndProject
Project("{9A19103F-16F7-4668-BE54-9A1E7A4F7556}") = "Fathym.Tests", "Fathym.Tests\Fathym.Tests.csproj", "{56C2C14F-EB99-450C-8505-A007D8084E6C}"
EndProject
Global
	GlobalSection(SolutionConfigurationPlatforms) = preSolution
		Debug|Any CPU = Debug|Any CPU
		Debug|x64 = Debug|x64
		Release|Any CPU = Release|Any CPU
		Release|x64 = Release|x64
	EndGlobalSection
	GlobalSection(ProjectConfigurationPlatforms) = postSolution
		{9ECF92FA-B0F2-41B8-8390-4BB4B80EA509}.Debug|Any CPU.ActiveCfg = Debug|x64
		{9ECF92FA-B0F2-41B8-8390-4BB4B80EA509}.Debug|x64.ActiveCfg = Debug|x64
		{9ECF92FA-B0F2-41B8-8390-4BB4B80EA509}.Debug|x64.Build.0 = Debug|x64
		{9ECF92FA-B0F2-41B8-8390-4BB4B80EA509}.Debug|x64.Deploy.0 = Debug|x64
		{9ECF92FA-B0F2-41B8-8390-4BB4B80EA509}.Release|Any CPU.ActiveCfg = Release|x64
		{9ECF92FA-B0F2-41B8-8390-4BB4B80EA509}.Release|x64.ActiveCfg = Release|x64
		{9ECF92FA-B0F2-41B8-8390-4BB4B80EA509}.Release|x64.Build.0 = Release|x64
		{9ECF92FA-B0F2-41B8-8390-4BB4B80EA509}.Release|x64.Deploy.0 = Release|x64
		{A04B1D06-1AD3-461F-A5E8-7B8A2BECB839}.Debug|Any CPU.ActiveCfg = Debug|Any CPU
		{A04B1D06-1AD3-461F-A5E8-7B8A2BECB839}.Debug|Any CPU.Build.0 = Debug|Any CPU
		{A04B1D06-1AD3-461F-A5E8-7B8A2BECB839}.Debug|x64.ActiveCfg = Debug|Any CPU
		{A04B1D06-1AD3-461F-A5E8-7B8A2BECB839}.Debug|x64.Build.0 = Debug|Any CPU
		{A04B1D06-1AD3-461F-A5E8-7B8A2BECB839}.Release|Any CPU.ActiveCfg = Release|Any CPU
		{A04B1D06-1AD3-461F-A5E8-7B8A2BECB839}.Release|Any CPU.Build.0 = Release|Any CPU
		{A04B1D06-1AD3-461F-A5E8-7B8A2BECB839}.Release|x64.ActiveCfg = Release|Any CPU
		{A04B1D06-1AD3-461F-A5E8-7B8A2BECB839}.Release|x64.Build.0 = Release|Any CPU
		{9BE7B2A6-E450-4BA5-A036-39EC75CD583B}.Debug|Any CPU.ActiveCfg = Debug|Any CPU
		{9BE7B2A6-E450-4BA5-A036-39EC75CD583B}.Debug|Any CPU.Build.0 = Debug|Any CPU
		{9BE7B2A6-E450-4BA5-A036-39EC75CD583B}.Debug|x64.ActiveCfg = Debug|Any CPU
		{9BE7B2A6-E450-4BA5-A036-39EC75CD583B}.Debug|x64.Build.0 = Debug|Any CPU
		{9BE7B2A6-E450-4BA5-A036-39EC75CD583B}.Release|Any CPU.ActiveCfg = Release|Any CPU
		{9BE7B2A6-E450-4BA5-A036-39EC75CD583B}.Release|Any CPU.Build.0 = Release|Any CPU
		{9BE7B2A6-E450-4BA5-A036-39EC75CD583B}.Release|x64.ActiveCfg = Release|Any CPU
		{9BE7B2A6-E450-4BA5-A036-39EC75CD583B}.Release|x64.Build.0 = Release|Any CPU
		{F9B08C66-0C31-4404-BDAC-610676C7A1C8}.Debug|Any CPU.ActiveCfg = Debug|Any CPU
		{F9B08C66-0C31-4404-BDAC-610676C7A1C8}.Debug|Any CPU.Build.0 = Debug|Any CPU
		{F9B08C66-0C31-4404-BDAC-610676C7A1C8}.Debug|x64.ActiveCfg = Debug|Any CPU
		{F9B08C66-0C31-4404-BDAC-610676C7A1C8}.Debug|x64.Build.0 = Debug|Any CPU
		{F9B08C66-0C31-4404-BDAC-610676C7A1C8}.Release|Any CPU.ActiveCfg = Release|Any CPU
		{F9B08C66-0C31-4404-BDAC-610676C7A1C8}.Release|Any CPU.Build.0 = Release|Any CPU
		{F9B08C66-0C31-4404-BDAC-610676C7A1C8}.Release|x64.ActiveCfg = Release|Any CPU
		{F9B08C66-0C31-4404-BDAC-610676C7A1C8}.Release|x64.Build.0 = Release|Any CPU
		{1C179525-1371-478E-B1AB-8D67A7241C6C}.Debug|Any CPU.ActiveCfg = Debug|Any CPU
		{1C179525-1371-478E-B1AB-8D67A7241C6C}.Debug|Any CPU.Build.0 = Debug|Any CPU
		{1C179525-1371-478E-B1AB-8D67A7241C6C}.Debug|x64.ActiveCfg = Debug|Any CPU
		{1C179525-1371-478E-B1AB-8D67A7241C6C}.Debug|x64.Build.0 = Debug|Any CPU
		{1C179525-1371-478E-B1AB-8D67A7241C6C}.Release|Any CPU.ActiveCfg = Release|Any CPU
		{1C179525-1371-478E-B1AB-8D67A7241C6C}.Release|Any CPU.Build.0 = Release|Any CPU
		{1C179525-1371-478E-B1AB-8D67A7241C6C}.Release|x64.ActiveCfg = Release|Any CPU
		{1C179525-1371-478E-B1AB-8D67A7241C6C}.Release|x64.Build.0 = Release|Any CPU
		{134A2C7D-37DA-4AF9-A957-73155A4DCD36}.Debug|Any CPU.ActiveCfg = Debug|Any CPU
		{134A2C7D-37DA-4AF9-A957-73155A4DCD36}.Debug|Any CPU.Build.0 = Debug|Any CPU
		{134A2C7D-37DA-4AF9-A957-73155A4DCD36}.Debug|x64.ActiveCfg = Debug|Any CPU
		{134A2C7D-37DA-4AF9-A957-73155A4DCD36}.Debug|x64.Build.0 = Debug|Any CPU
		{134A2C7D-37DA-4AF9-A957-73155A4DCD36}.Release|Any CPU.ActiveCfg = Release|Any CPU
		{134A2C7D-37DA-4AF9-A957-73155A4DCD36}.Release|Any CPU.Build.0 = Release|Any CPU
		{134A2C7D-37DA-4AF9-A957-73155A4DCD36}.Release|x64.ActiveCfg = Release|Any CPU
		{134A2C7D-37DA-4AF9-A957-73155A4DCD36}.Release|x64.Build.0 = Release|Any CPU
		{5021FCC8-B7E0-440A-B2C3-3997A5C9C16F}.Debug|Any CPU.ActiveCfg = Debug|Any CPU
		{5021FCC8-B7E0-440A-B2C3-3997A5C9C16F}.Debug|Any CPU.Build.0 = Debug|Any CPU
		{5021FCC8-B7E0-440A-B2C3-3997A5C9C16F}.Debug|x64.ActiveCfg = Debug|Any CPU
		{5021FCC8-B7E0-440A-B2C3-3997A5C9C16F}.Debug|x64.Build.0 = Debug|Any CPU
		{5021FCC8-B7E0-440A-B2C3-3997A5C9C16F}.Release|Any CPU.ActiveCfg = Release|Any CPU
		{5021FCC8-B7E0-440A-B2C3-3997A5C9C16F}.Release|Any CPU.Build.0 = Release|Any CPU
		{5021FCC8-B7E0-440A-B2C3-3997A5C9C16F}.Release|x64.ActiveCfg = Release|Any CPU
		{5021FCC8-B7E0-440A-B2C3-3997A5C9C16F}.Release|x64.Build.0 = Release|Any CPU
		{5ECB4F49-9772-449B-B084-FC73DDFDB44D}.Debug|Any CPU.ActiveCfg = Debug|Any CPU
		{5ECB4F49-9772-449B-B084-FC73DDFDB44D}.Debug|Any CPU.Build.0 = Debug|Any CPU
		{5ECB4F49-9772-449B-B084-FC73DDFDB44D}.Debug|x64.ActiveCfg = Debug|Any CPU
		{5ECB4F49-9772-449B-B084-FC73DDFDB44D}.Debug|x64.Build.0 = Debug|Any CPU
		{5ECB4F49-9772-449B-B084-FC73DDFDB44D}.Release|Any CPU.ActiveCfg = Release|Any CPU
		{5ECB4F49-9772-449B-B084-FC73DDFDB44D}.Release|Any CPU.Build.0 = Release|Any CPU
		{5ECB4F49-9772-449B-B084-FC73DDFDB44D}.Release|x64.ActiveCfg = Release|Any CPU
		{5ECB4F49-9772-449B-B084-FC73DDFDB44D}.Release|x64.Build.0 = Release|Any CPU
		{D9109827-7E42-488F-9D9E-6B867A3110F4}.Debug|Any CPU.ActiveCfg = Debug|Any CPU
		{D9109827-7E42-488F-9D9E-6B867A3110F4}.Debug|Any CPU.Build.0 = Debug|Any CPU
		{D9109827-7E42-488F-9D9E-6B867A3110F4}.Debug|x64.ActiveCfg = Debug|Any CPU
		{D9109827-7E42-488F-9D9E-6B867A3110F4}.Debug|x64.Build.0 = Debug|Any CPU
		{D9109827-7E42-488F-9D9E-6B867A3110F4}.Release|Any CPU.ActiveCfg = Release|Any CPU
		{D9109827-7E42-488F-9D9E-6B867A3110F4}.Release|Any CPU.Build.0 = Release|Any CPU
		{D9109827-7E42-488F-9D9E-6B867A3110F4}.Release|x64.ActiveCfg = Release|Any CPU
		{D9109827-7E42-488F-9D9E-6B867A3110F4}.Release|x64.Build.0 = Release|Any CPU
		{56C2C14F-EB99-450C-8505-A007D8084E6C}.Debug|Any CPU.ActiveCfg = Debug|Any CPU
		{56C2C14F-EB99-450C-8505-A007D8084E6C}.Debug|Any CPU.Build.0 = Debug|Any CPU
		{56C2C14F-EB99-450C-8505-A007D8084E6C}.Debug|x64.ActiveCfg = Debug|Any CPU
		{56C2C14F-EB99-450C-8505-A007D8084E6C}.Debug|x64.Build.0 = Debug|Any CPU
		{56C2C14F-EB99-450C-8505-A007D8084E6C}.Release|Any CPU.ActiveCfg = Release|Any CPU
		{56C2C14F-EB99-450C-8505-A007D8084E6C}.Release|Any CPU.Build.0 = Release|Any CPU
		{56C2C14F-EB99-450C-8505-A007D8084E6C}.Release|x64.ActiveCfg = Release|Any CPU
		{56C2C14F-EB99-450C-8505-A007D8084E6C}.Release|x64.Build.0 = Release|Any CPU
	EndGlobalSection
	GlobalSection(SolutionProperties) = preSolution
		HideSolutionNode = FALSE
	EndGlobalSection
	GlobalSection(NestedProjects) = preSolution
		{9ECF92FA-B0F2-41B8-8390-4BB4B80EA509} = {2CF09551-A580-4EC9-B6D5-F852724C1017}
		{A04B1D06-1AD3-461F-A5E8-7B8A2BECB839} = {2CF09551-A580-4EC9-B6D5-F852724C1017}
		{9BE7B2A6-E450-4BA5-A036-39EC75CD583B} = {2CF09551-A580-4EC9-B6D5-F852724C1017}
		{F9B08C66-0C31-4404-BDAC-610676C7A1C8} = {2CF09551-A580-4EC9-B6D5-F852724C1017}
		{1C179525-1371-478E-B1AB-8D67A7241C6C} = {0ECE3374-01E2-40C6-B99D-9A1B6C892455}
		{134A2C7D-37DA-4AF9-A957-73155A4DCD36} = {0ECE3374-01E2-40C6-B99D-9A1B6C892455}
		{5021FCC8-B7E0-440A-B2C3-3997A5C9C16F} = {0ECE3374-01E2-40C6-B99D-9A1B6C892455}
		{5ECB4F49-9772-449B-B084-FC73DDFDB44D} = {0ECE3374-01E2-40C6-B99D-9A1B6C892455}
		{D9109827-7E42-488F-9D9E-6B867A3110F4} = {0ECE3374-01E2-40C6-B99D-9A1B6C892455}
		{56C2C14F-EB99-450C-8505-A007D8084E6C} = {E48422AB-D0BB-4071-BCAB-698E3AFF7E83}
	EndGlobalSection
	GlobalSection(ExtensibilityGlobals) = postSolution
		SolutionGuid = {D7220669-D0BE-4D25-A4CD-999A4BFBC220}
	EndGlobalSection
EndGlobal
